// !$*UTF8*$!
{
	archiveVersion = 1;
	classes = {
	};
	objectVersion = 46;
	objects = {

/* Begin PBXBuildFile section */
		44BAAD7D1BE54AD800CFC90B /* AppDelegate.swift in Sources */ = {isa = PBXBuildFile; fileRef = 44BAAD7C1BE54AD800CFC90B /* AppDelegate.swift */; };
		44BAAD7F1BE54AD800CFC90B /* ViewController.swift in Sources */ = {isa = PBXBuildFile; fileRef = 44BAAD7E1BE54AD800CFC90B /* ViewController.swift */; };
		44BAAD821BE54AD800CFC90B /* Main.storyboard in Resources */ = {isa = PBXBuildFile; fileRef = 44BAAD801BE54AD800CFC90B /* Main.storyboard */; };
		44BAAD841BE54AD900CFC90B /* Assets.xcassets in Resources */ = {isa = PBXBuildFile; fileRef = 44BAAD831BE54AD900CFC90B /* Assets.xcassets */; };
		44BAAD871BE54AD900CFC90B /* LaunchScreen.storyboard in Resources */ = {isa = PBXBuildFile; fileRef = 44BAAD851BE54AD900CFC90B /* LaunchScreen.storyboard */; };
/* End PBXBuildFile section */

/* Begin PBXFileReference section */
		44BAAD791BE54AD800CFC90B /* PitchPerfect.app */ = {isa = PBXFileReference; explicitFileType = wrapper.application; includeInIndex = 0; path = PitchPerfect.app; sourceTree = BUILT_PRODUCTS_DIR; };
		44BAAD7C1BE54AD800CFC90B /* AppDelegate.swift */ = {isa = PBXFileReference; lastKnownFileType = sourcecode.swift; path = AppDelegate.swift; sourceTree = "<group>"; };
		44BAAD7E1BE54AD800CFC90B /* ViewController.swift */ = {isa = PBXFileReference; lastKnownFileType = sourcecode.swift; path = ViewController.swift; sourceTree = "<group>"; };
		44BAAD811BE54AD800CFC90B /* Base */ = {isa = PBXFileReference; lastKnownFileType = file.storyboard; name = Base; path = Base.lproj/Main.storyboard; sourceTree = "<group>"; };
		44BAAD831BE54AD900CFC90B /* Assets.xcassets */ = {isa = PBXFileReference; lastKnownFileType = folder.assetcatalog; path = Assets.xcassets; sourceTree = "<group>"; };
		44BAAD861BE54AD900CFC90B /* Base */ = {isa = PBXFileReference; lastKnownFileType = file.storyboard; name = Base; path = Base.lproj/LaunchScreen.storyboard; sourceTree = "<group>"; };
		44BAAD881BE54AD900CFC90B /* Info.plist */ = {isa = PBXFileReference; lastKnownFileType = text.plist.xml; path = Info.plist; sourceTree = "<group>"; };
/* End PBXFileReference section */

/* Begin PBXFrameworksBuildPhase section */
		44BAAD761BE54AD800CFC90B /* Frameworks */ = {
			isa = PBXFrameworksBuildPhase;
			buildActionMask = 2147483647;
			files = (
			);
			runOnlyForDeploymentPostprocessing = 0;
		};
/* End PBXFrameworksBuildPhase section */

/* Begin PBXGroup section */
		44BAAD701BE54AD800CFC90B = {
			isa = PBXGroup;
			children = (
				44BAAD7B1BE54AD800CFC90B /* PitchPerfect */,
				44BAAD7A1BE54AD800CFC90B /* Products */,
			);
			sourceTree = "<group>";
		};
		44BAAD7A1BE54AD800CFC90B /* Products */ = {
			isa = PBXGroup;
			children = (
				44BAAD791BE54AD800CFC90B /* PitchPerfect.app */,
			);
			name = Products;
			sourceTree = "<group>";
		};
		44BAAD7B1BE54AD800CFC90B /* PitchPerfect */ = {
			isa = PBXGroup;
			children = (
				44BAAD7C1BE54AD800CFC90B /* AppDelegate.swift */,
				44BAAD7E1BE54AD800CFC90B /* ViewController.swift */,
				44BAAD801BE54AD800CFC90B /* Main.storyboard */,
				44BAAD831BE54AD900CFC90B /* Assets.xcassets */,
				44BAAD851BE54AD900CFC90B /* LaunchScreen.storyboard */,
				44BAAD881BE54AD900CFC90B /* Info.plist */,
			);
			path = PitchPerfect;
			sourceTree = "<group>";
		};
/* End PBXGroup section */

/* Begin PBXNativeTarget section */
		44BAAD781BE54AD800CFC90B /* PitchPerfect */ = {
			isa = PBXNativeTarget;
			buildConfigurationList = 44BAAD8B1BE54AD900CFC90B /* Build configuration list for PBXNativeTarget "PitchPerfect" */;
			buildPhases = (
				44BAAD751BE54AD800CFC90B /* Sources */,
				44BAAD761BE54AD800CFC90B /* Frameworks */,
				44BAAD771BE54AD800CFC90B /* Resources */,
			);
			buildRules = (
			);
			dependencies = (
			);
			name = PitchPerfect;
			productName = PitchPerfect;
			productReference = 44BAAD791BE54AD800CFC90B /* PitchPerfect.app */;
			productType = "com.apple.product-type.application";
		};
/* End PBXNativeTarget section */

/* Begin PBXProject section */
		44BAAD711BE54AD800CFC90B /* Project object */ = {
			isa = PBXProject;
			attributes = {
				LastSwiftUpdateCheck = 0710;
				LastUpgradeCheck = 0710;
				ORGANIZATIONNAME = "blueHula Studios";
				TargetAttributes = {
					44BAAD781BE54AD800CFC90B = {
						CreatedOnToolsVersion = 7.1;
					};
				};
			};
			buildConfigurationList = 44BAAD741BE54AD800CFC90B /* Build configuration list for PBXProject "PitchPerfect" */;
			compatibilityVersion = "Xcode 3.2";
			developmentRegion = English;
			hasScannedForEncodings = 0;
			knownRegions = (
				en,
				Base,
			);
			mainGroup = 44BAAD701BE54AD800CFC90B;
			productRefGroup = 44BAAD7A1BE54AD800CFC90B /* Products */;
			projectDirPath = "";
			projectRoot = "";
			targets = (
				44BAAD781BE54AD800CFC90B /* PitchPerfect */,
			);
		};
/* End PBXProject section */

/* Begin PBXResourcesBuildPhase section */
		44BAAD771BE54AD800CFC90B /* Resources */ = {
			isa = PBXResourcesBuildPhase;
			buildActionMask = 2147483647;
			files = (
				44BAAD871BE54AD900CFC90B /* LaunchScreen.storyboard in Resources */,
				44BAAD841BE54AD900CFC90B /* Assets.xcassets in Resources */,
				44BAAD821BE54AD800CFC90B /* Main.storyboard in Resources */,
			);
			runOnlyForDeploymentPostprocessing = 0;
		};
/* End PBXResourcesBuildPhase section */

/* Begin PBXSourcesBuildPhase section */
		44BAAD751BE54AD800CFC90B /* Sources */ = {
			isa = PBXSourcesBuildPhase;
			buildActionMask = 2147483647;
			files = (
				44BAAD7F1BE54AD800CFC90B /* ViewController.swift in Sources */,
				44BAAD7D1BE54AD800CFC90B /* AppDelegate.swift in Sources */,
			);
			runOnlyForDeploymentPostprocessing = 0;
		};
/* End PBXSourcesBuildPhase section */

/* Begin PBXVariantGroup section */
		44BAAD801BE54AD800CFC90B /* Main.storyboard */ = {
			isa = PBXVariantGroup;
			children = (
				44BAAD811BE54AD800CFC90B /* Base */,
			);
			name = Main.storyboard;
			sourceTree = "<group>";
		};
		44BAAD851BE54AD900CFC90B /* LaunchScreen.storyboard */ = {
			isa = PBXVariantGroup;
			children = (
				44BAAD861BE54AD900CFC90B /* Base */,
			);
			name = LaunchScreen.storyboard;
			sourceTree = "<group>";
		};
/* End PBXVariantGroup section */

/* Begin XCBuildConfiguration section */
		44BAAD891BE54AD900CFC90B /* Debug */ = {
			isa = XCBuildConfiguration;
			buildSettings = {
				ALWAYS_SEARCH_USER_PATHS = NO;
				CLANG_CXX_LANGUAGE_STANDARD = "gnu++0x";
				CLANG_CXX_LIBRARY = "libc++";
				CLANG_ENABLE_MODULES = YES;
				CLANG_ENABLE_OBJC_ARC = YES;
				CLANG_WARN_BOOL_CONVERSION = YES;
				CLANG_WARN_CONSTANT_CONVERSION = YES;
				CLANG_WARN_DIRECT_OBJC_ISA_USAGE = YES_ERROR;
				CLANG_WARN_EMPTY_BODY = YES;
				CLANG_WARN_ENUM_CONVERSION = YES;
				CLANG_WARN_INT_CONVERSION = YES;
				CLANG_WARN_OBJC_ROOT_CLASS = YES_ERROR;
				CLANG_WARN_UNREACHABLE_CODE = YES;
				CLANG_WARN__DUPLICATE_METHOD_MATCH = YES;
				"CODE_SIGN_IDENTITY[sdk=iphoneos*]" = "iPhone Developer";
				COPY_PHASE_STRIP = NO;
				DEBUG_INFORMATION_FORMAT = dwarf;
				ENABLE_STRICT_OBJC_MSGSEND = YES;
				ENABLE_TESTABILITY = YES;
				GCC_C_LANGUAGE_STANDARD = gnu99;
				GCC_DYNAMIC_NO_PIC = NO;
				GCC_NO_COMMON_BLOCKS = YES;
				GCC_OPTIMIZATION_LEVEL = 0;
				GCC_PREPROCESSOR_DEFINITIONS = (
					"DEBUG=1",
					"$(inherited)",
				);
				GCC_WARN_64_TO_32_BIT_CONVERSION = YES;
				GCC_WARN_ABOUT_RETURN_TYPE = YES_ERROR;
				GCC_WARN_UNDECLARED_SELECTOR = YES;
				GCC_WARN_UNINITIALIZED_AUTOS = YES_AGGRESSIVE;
				GCC_WARN_UNUSED_FUNCTION = YES;
				GCC_WARN_UNUSED_VARIABLE = YES;
				IPHONEOS_DEPLOYMENT_TARGET = 9.1;
				MTL_ENABLE_DEBUG_INFO = YES;
				ONLY_ACTIVE_ARCH = YES;
				SDKROOT = iphoneos;
				SWIFT_OPTIMIZATION_LEVEL = "-Onone";
			};
			name = Debug;
		};
		44BAAD8A1BE54AD900CFC90B /* Release */ = {
			isa = XCBuildConfiguration;
			buildSettings = {
				ALWAYS_SEARCH_USER_PATHS = NO;
				CLANG_CXX_LANGUAGE_STANDARD = "gnu++0x";
				CLANG_CXX_LIBRARY = "libc++";
				CLANG_ENABLE_MODULES = YES;
				CLANG_ENABLE_OBJC_ARC = YES;
				CLANG_WARN_BOOL_CONVERSION = YES;
				CLANG_WARN_CONSTANT_CONVERSION = YES;
				CLANG_WARN_DIRECT_OBJC_ISA_USAGE = YES_ERROR;
				CLANG_WARN_EMPTY_BODY = YES;
				CLANG_WARN_ENUM_CONVERSION = YES;
				CLANG_WARN_INT_CONVERSION = YES;
				CLANG_WARN_OBJC_ROOT_CLASS = YES_ERROR;
				CLANG_WARN_UNREACHABLE_CODE = YES;
				CLANG_WARN__DUPLICATE_METHOD_MATCH = YES;
				"CODE_SIGN_IDENTITY[sdk=iphoneos*]" = "iPhone Developer";
				COPY_PHASE_STRIP = NO;
				DEBUG_INFORMATION_FORMAT = "dwarf-with-dsym";
				ENABLE_NS_ASSERTIONS = NO;
				ENABLE_STRICT_OBJC_MSGSEND = YES;
				GCC_C_LANGUAGE_STANDARD = gnu99;
				GCC_NO_COMMON_BLOCKS = YES;
				GCC_WARN_64_TO_32_BIT_CONVERSION = YES;
				GCC_WARN_ABOUT_RETURN_TYPE = YES_ERROR;
				GCC_WARN_UNDECLARED_SELECTOR = YES;
				GCC_WARN_UNINITIALIZED_AUTOS = YES_AGGRESSIVE;
				GCC_WARN_UNUSED_FUNCTION = YES;
				GCC_WARN_UNUSED_VARIABLE = YES;
				IPHONEOS_DEPLOYMENT_TARGET = 9.1;
				MTL_ENABLE_DEBUG_INFO = NO;
				SDKROOT = iphoneos;
				VALIDATE_PRODUCT = YES;
			};
			name = Release;
		};
		44BAAD8C1BE54AD900CFC90B /* Debug */ = {
			isa = XCBuildConfiguration;
			buildSettings = {
				ASSETCATALOG_COMPILER_APPICON_NAME = AppIcon;
				INFOPLIST_FILE = PitchPerfect/Info.plist;
				LD_RUNPATH_SEARCH_PATHS = "$(inherited) @executable_path/Frameworks";
				PRODUCT_BUNDLE_IDENTIFIER = com.bluehula.PitchPerfect;
				PRODUCT_NAME = "$(TARGET_NAME)";
			};
			name = Debug;
		};
		44BAAD8D1BE54AD900CFC90B /* Release */ = {
			isa = XCBuildConfiguration;
			buildSettings = {
				ASSETCATALOG_COMPILER_APPICON_NAME = AppIcon;
				INFOPLIST_FILE = PitchPerfect/Info.plist;
				LD_RUNPATH_SEARCH_PATHS = "$(inherited) @executable_path/Frameworks";
				PRODUCT_BUNDLE_IDENTIFIER = com.bluehula.PitchPerfect;
				PRODUCT_NAME = "$(TARGET_NAME)";
			};
			name = Release;
		};
/* End XCBuildConfiguration section */

/* Begin XCConfigurationList section */
		44BAAD741BE54AD800CFC90B /* Build configuration list for PBXProject "PitchPerfect" */ = {
			isa = XCConfigurationList;
			buildConfigurations = (
				44BAAD891BE54AD900CFC90B /* Debug */,
				44BAAD8A1BE54AD900CFC90B /* Release */,
			);
			defaultConfigurationIsVisible = 0;
			defaultConfigurationName = Release;
		};
		44BAAD8B1BE54AD900CFC90B /* Build configuration list for PBXNativeTarget "PitchPerfect" */ = {
			isa = XCConfigurationList;
			buildConfigurations = (
				44BAAD8C1BE54AD900CFC90B /* Debug */,
				44BAAD8D1BE54AD900CFC90B /* Release */,
			);
			defaultConfigurationIsVisible = 0;
		};
/* End XCConfigurationList section */
	};
	rootObject = 44BAAD711BE54AD800CFC90B /* Project object */;
}
